// !$*UTF8*$!
{
	archiveVersion = 1;
	classes = {
	};
	objectVersion = 77;
	objects = {

/* Begin PBXContainerItemProxy section */
		C6ACFA163024BB770087A854 /* PBXContainerItemProxy */ = {
			isa = PBXContainerItemProxy;
			containerPortal = C6ACF9FE3024BB750087A854 /* Project object */;
			proxyType = 1;
			remoteGlobalIDString = C6ACFA053024BB750087A854;
			remoteInfo = GoogleChatSwiftUI;
		};
		C6ACFA203024BB770087A854 /* PBXContainerItemProxy */ = {
			isa = PBXContainerItemProxy;
			containerPortal = C6ACF9FE3024BB750087A854 /* Project object */;
			proxyType = 1;
			remoteGlobalIDString = C6ACFA053024BB750087A854;
			remoteInfo = GoogleChatSwiftUI;
		};
/* End PBXContainerItemProxy section */

/* Begin PBXFileReference section */
		C6ACFA063024BB750087A854 /* GoogleChatSwiftUI.app */ = {isa = PBXFileReference; explicitFileType = wrapper.application; includeInIndex = 0; path = GoogleChatSwiftUI.app; sourceTree = BUILT_PRODUCTS_DIR; };
		C6ACFA153024BB770087A854 /* GoogleChatSwiftUITests.xctest */ = {isa = PBXFileReference; explicitFileType = wrapper.cfbundle; includeInIndex = 0; path = GoogleChatSwiftUITests.xctest; sourceTree = BUILT_PRODUCTS_DIR; };
		C6ACFA1F3024BB770087A854 /* GoogleChatSwiftUIUITests.xctest */ = {isa = PBXFileReference; explicitFileType = wrapper.cfbundle; includeInIndex = 0; path = GoogleChatSwiftUIUITests.xctest; sourceTree = BUILT_PRODUCTS_DIR; };
/* End PBXFileReference section */

/* Begin PBXFileSystemSynchronizedRootGroup section */
		C6ACFA083024BB750087A854 /* GoogleChatSwiftUI */ = {
			isa = PBXFileSystemSynchronizedRootGroup;
			path = GoogleChatSwiftUI;
			sourceTree = "<group>";
		};
		C6ACFA183024BB770087A854 /* GoogleChatSwiftUITests */ = {
			isa = PBXFileSystemSynchronizedRootGroup;
			path = GoogleChatSwiftUITests;
			sourceTree = "<group>";
		};
		C6ACFA223024BB770087A854 /* GoogleChatSwiftUIUITests */ = {
			isa = PBXFileSystemSynchronizedRootGroup;
			path = GoogleChatSwiftUIUITests;
			sourceTree = "<group>";
		};
/* End PBXFileSystemSynchronizedRootGroup section */

/* Begin PBXFrameworksBuildPhase section */
		C6ACFA033024BB750087A854 /* Frameworks */ = {
			isa = PBXFrameworksBuildPhase;
			buildActionMask = 2147483647;
			files = (
			);
			runOnlyForDeploymentPostprocessing = 0;
		};
		C6ACFA123024BB770087A854 /* Frameworks */ = {
			isa = PBXFrameworksBuildPhase;
			buildActionMask = 2147483647;
			files = (
			);
			runOnlyForDeploymentPostprocessing = 0;
		};
		C6ACFA1C3024BB770087A854 /* Frameworks */ = {
			isa = PBXFrameworksBuildPhase;
			buildActionMask = 2147483647;
			files = (
			);
			runOnlyForDeploymentPostprocessing = 0;
		};
/* End PBXFrameworksBuildPhase section */

/* Begin PBXGroup section */
		C6ACF9FD3024BB750087A854 = {
			isa = PBXGroup;
			children = (
				C6ACFA083024BB750087A854 /* GoogleChatSwiftUI */,
				C6ACFA183024BB770087A854 /* GoogleChatSwiftUITests */,
				C6ACFA223024BB770087A854 /* GoogleChatSwiftUIUITests */,
				C6ACFA073024BB750087A854 /* Products */,
			);
			sourceTree = "<group>";
		};
		C6ACFA073024BB750087A854 /* Products */ = {
			isa = PBXGroup;
			children = (
				C6ACFA063024BB750087A854 /* GoogleChatSwiftUI.app */,
				C6ACFA153024BB770087A854 /* GoogleChatSwiftUITests.xctest */,
				C6ACFA1F3024BB770087A854 /* GoogleChatSwiftUIUITests.xctest */,
			);
			name = Products;
			sourceTree = "<group>";
		};
/* End PBXGroup section */

/* Begin PBXNativeTarget section */
		C6ACFA053024BB750087A854 /* GoogleChatSwiftUI */ = {
			isa = PBXNativeTarget;
			buildConfigurationList = C6ACFA293024BB770087A854 /* Build configuration list for PBXNativeTarget "GoogleChatSwiftUI" */;
			buildPhases = (
				C6ACFA023024BB750087A854 /* Sources */,
				C6ACFA033024BB750087A854 /* Frameworks */,
				C6ACFA043024BB750087A854 /* Resources */,
			);
			buildRules = (
			);
			dependencies = (
			);
			fileSystemSynchronizedGroups = (
				C6ACFA083024BB750087A854 /* GoogleChatSwiftUI */,
			);
			name = GoogleChatSwiftUI;
			packageProductDependencies = (
			);
			productName = GoogleChatSwiftUI;
			productReference = C6ACFA063024BB750087A854 /* GoogleChatSwiftUI.app */;
			productType = "com.apple.product-type.application";
		};
		C6ACFA143024BB770087A854 /* GoogleChatSwiftUITests */ = {
			isa = PBXNativeTarget;
			buildConfigurationList = C6ACFA2C3024BB770087A854 /* Build configuration list for PBXNativeTarget "GoogleChatSwiftUITests" */;
			buildPhases = (
				C6ACFA113024BB770087A854 /* Sources */,
				C6ACFA123024BB770087A854 /* Frameworks */,
				C6ACFA133024BB770087A854 /* Resources */,
			);
			buildRules = (
			);
			dependencies = (
				C6ACFA173024BB770087A854 /* PBXTargetDependency */,
			);
			fileSystemSynchronizedGroups = (
				C6ACFA183024BB770087A854 /* GoogleChatSwiftUITests */,
			);
			name = GoogleChatSwiftUITests;
			packageProductDependencies = (
			);
			productName = GoogleChatSwiftUITests;
			productReference = C6ACFA153024BB770087A854 /* GoogleChatSwiftUITests.xctest */;
			productType = "com.apple.product-type.bundle.unit-test";
		};
		C6ACFA1E3024BB770087A854 /* GoogleChatSwiftUIUITests */ = {
			isa = PBXNativeTarget;
			buildConfigurationList = C6ACFA2F3024BB770087A854 /* Build configuration list for PBXNativeTarget "GoogleChatSwiftUIUITests" */;
			buildPhases = (
				C6ACFA1B3024BB770087A854 /* Sources */,
				C6ACFA1C3024BB770087A854 /* Frameworks */,
				C6ACFA1D3024BB770087A854 /* Resources */,
			);
			buildRules = (
			);
			dependencies = (
				C6ACFA213024BB770087A854 /* PBXTargetDependency */,
			);
			fileSystemSynchronizedGroups = (
				C6ACFA223024BB770087A854 /* GoogleChatSwiftUIUITests */,
			);
			name = GoogleChatSwiftUIUITests;
			packageProductDependencies = (
			);
			productName = GoogleChatSwiftUIUITests;
			productReference = C6ACFA1F3024BB770087A854 /* GoogleChatSwiftUIUITests.xctest */;
			productType = "com.apple.product-type.bundle.ui-testing";
		};
/* End PBXNativeTarget section */

/* Begin PBXProject section */
		C6ACF9FE3024BB750087A854 /* Project object */ = {
			isa = PBXProject;
			attributes = {
				BuildIndependentTargetsInParallel = 1;
				LastSwiftUpdateCheck = 2660;
				LastUpgradeCheck = 2660;
				TargetAttributes = {
					C6ACFA053024BB750087A854 = {
						CreatedOnToolsVersion = 26.6;
					};
					C6ACFA143024BB770087A854 = {
						CreatedOnToolsVersion = 26.6;
						TestTargetID = C6ACFA053024BB750087A854;
					};
					C6ACFA1E3024BB770087A854 = {
						CreatedOnToolsVersion = 26.6;
						TestTargetID = C6ACFA053024BB750087A854;
					};
				};
			};
			buildConfigurationList = C6ACFA013024BB750087A854 /* Build configuration list for PBXProject "GoogleChatSwiftUI" */;
			developmentRegion = en;
			hasScannedForEncodings = 0;
			knownRegions = (
				en,
				Base,
			);
			mainGroup = C6ACF9FD3024BB750087A854;
			minimizedProjectReferenceProxies = 1;
			preferredProjectObjectVersion = 77;
			productRefGroup = C6ACFA073024BB750087A854 /* Products */;
			projectDirPath = "";
			projectRoot = "";
			targets = (
				C6ACFA053024BB750087A854 /* GoogleChatSwiftUI */,
				C6ACFA143024BB770087A854 /* GoogleChatSwiftUITests */,
				C6ACFA1E3024BB770087A854 /* GoogleChatSwiftUIUITests */,
			);
		};
/* End PBXProject section */

/* Begin PBXResourcesBuildPhase section */
		C6ACFA043024BB750087A854 /* Resources */ = {
			isa = PBXResourcesBuildPhase;
			buildActionMask = 2147483647;
			files = (
			);
			runOnlyForDeploymentPostprocessing = 0;
		};
		C6ACFA133024BB770087A854 /* Resources */ = {
			isa = PBXResourcesBuildPhase;
			buildActionMask = 2147483647;
			files = (
			);
			runOnlyForDeploymentPostprocessing = 0;
		};
		C6ACFA1D3024BB770087A854 /* Resources */ = {
			isa = PBXResourcesBuildPhase;
			buildActionMask = 2147483647;
			files = (
			);
			runOnlyForDeploymentPostprocessing = 0;
		};
/* End PBXResourcesBuildPhase section */

/* Begin PBXSourcesBuildPhase section */
		C6ACFA023024BB750087A854 /* Sources */ = {
			isa = PBXSourcesBuildPhase;
			buildActionMask = 2147483647;
			files = (
			);
			runOnlyForDeploymentPostprocessing = 0;
		};
		C6ACFA113024BB770087A854 /* Sources */ = {
			isa = PBXSourcesBuildPhase;
			buildActionMask = 2147483647;
			files = (
			);
			runOnlyForDeploymentPostprocessing = 0;
		};
		C6ACFA1B3024BB770087A854 /* Sources */ = {
			isa = PBXSourcesBuildPhase;
			buildActionMask = 2147483647;
			files = (
			);
			runOnlyForDeploymentPostprocessing = 0;
		};
/* End PBXSourcesBuildPhase section */

/* Begin PBXTargetDependency section */
		C6ACFA173024BB770087A854 /* PBXTargetDependency */ = {
			isa = PBXTargetDependency;
			target = C6ACFA053024BB750087A854 /* GoogleChatSwiftUI */;
			targetProxy = C6ACFA163024BB770087A854 /* PBXContainerItemProxy */;
		};
		C6ACFA213024BB770087A854 /* PBXTargetDependency */ = {
			isa = PBXTargetDependency;
			target = C6ACFA053024BB750087A854 /* GoogleChatSwiftUI */;
			targetProxy = C6ACFA203024BB770087A854 /* PBXContainerItemProxy */;
		};
/* End PBXTargetDependency section */

/* Begin XCBuildConfiguration section */
		C6ACFA273024BB770087A854 /* Debug */ = {
			isa = XCBuildConfiguration;
			buildSettings = {
				ALWAYS_SEARCH_USER_PATHS = NO;
				ASSETCATALOG_COMPILER_GENERATE_SWIFT_ASSET_SYMBOL_EXTENSIONS = YES;
				CLANG_ANALYZER_NONNULL = YES;
				CLANG_ANALYZER_NUMBER_OBJECT_CONVERSION = YES_AGGRESSIVE;
				CLANG_CXX_LANGUAGE_STANDARD = "gnu++20";
				CLANG_ENABLE_MODULES = YES;
				CLANG_ENABLE_OBJC_ARC = YES;
				CLANG_ENABLE_OBJC_WEAK = YES;
				CLANG_WARN_BLOCK_CAPTURE_AUTORELEASING = YES;
				CLANG_WARN_BOOL_CONVERSION = YES;
				CLANG_WARN_COMMA = YES;
				CLANG_WARN_CONSTANT_CONVERSION = YES;
				CLANG_WARN_DEPRECATED_OBJC_IMPLEMENTATIONS = YES;
				CLANG_WARN_DIRECT_OBJC_ISA_USAGE = YES_ERROR;
				CLANG_WARN_DOCUMENTATION_COMMENTS = YES;
				CLANG_WARN_EMPTY_BODY = YES;
				CLANG_WARN_ENUM_CONVERSION = YES;
				CLANG_WARN_INFINITE_RECURSION = YES;
				CLANG_WARN_INT_CONVERSION = YES;
				CLANG_WARN_NON_LITERAL_NULL_CONVERSION = YES;
				CLANG_WARN_OBJC_IMPLICIT_RETAIN_SELF = YES;
				CLANG_WARN_OBJC_LITERAL_CONVERSION = YES;
				CLANG_WARN_OBJC_ROOT_CLASS = YES_ERROR;
				CLANG_WARN_QUOTED_INCLUDE_IN_FRAMEWORK_HEADER = YES;
				CLANG_WARN_RANGE_LOOP_ANALYSIS = YES;
				CLANG_WARN_STRICT_PROTOTYPES = YES;
				CLANG_WARN_SUSPICIOUS_MOVE = YES;
				CLANG_WARN_UNGUARDED_AVAILABILITY = YES_AGGRESSIVE;
				CLANG_WARN_UNREACHABLE_CODE = YES;
				CLANG_WARN__DUPLICATE_METHOD_MATCH = YES;
				COPY_PHASE_STRIP = NO;
				DEBUG_INFORMATION_FORMAT = dwarf;
				DEVELOPMENT_TEAM = YOUR_TEAM_ID;
				ENABLE_STRICT_OBJC_MSGSEND = YES;
				ENABLE_TESTABILITY = YES;
				ENABLE_USER_SCRIPT_SANDBOXING = YES;
				GCC_C_LANGUAGE_STANDARD = gnu17;
				GCC_DYNAMIC_NO_PIC = NO;
				GCC_NO_COMMON_BLOCKS = YES;
				GCC_OPTIMIZATION_LEVEL = 0;
				GCC_PREPROCESSOR_DEFINITIONS = (
					"DEBUG=1",
					"$(inherited)",
				);
				GCC_WARN_64_TO_32_BIT_CONVERSION = YES;
				GCC_WARN_ABOUT_RETURN_TYPE = YES_ERROR;
				GCC_WARN_UNDECLARED_SELECTOR = YES;
				GCC_WARN_UNINITIALIZED_AUTOS = YES_AGGRESSIVE;
				GCC_WARN_UNUSED_FUNCTION = YES;
				GCC_WARN_UNUSED_VARIABLE = YES;
				LOCALIZATION_PREFERS_STRING_CATALOGS = YES;
				MACOSX_DEPLOYMENT_TARGET = 26.5;
				MTL_ENABLE_DEBUG_INFO = INCLUDE_SOURCE;
				MTL_FAST_MATH = YES;
				ONLY_ACTIVE_ARCH = YES;
				SDKROOT = macosx;
				SWIFT_ACTIVE_COMPILATION_CONDITIONS = "DEBUG $(inherited)";
				SWIFT_OPTIMIZATION_LEVEL = "-Onone";
			};
			name = Debug;
		};
		C6ACFA283024BB770087A854 /* Release */ = {
			isa = XCBuildConfiguration;
			buildSettings = {
				ALWAYS_SEARCH_USER_PATHS = NO;
				ASSETCATALOG_COMPILER_GENERATE_SWIFT_ASSET_SYMBOL_EXTENSIONS = YES;
				CLANG_ANALYZER_NONNULL = YES;
				CLANG_ANALYZER_NUMBER_OBJECT_CONVERSION = YES_AGGRESSIVE;
				CLANG_CXX_LANGUAGE_STANDARD = "gnu++20";
				CLANG_ENABLE_MODULES = YES;
				CLANG_ENABLE_OBJC_ARC = YES;
				CLANG_ENABLE_OBJC_WEAK = YES;
				CLANG_WARN_BLOCK_CAPTURE_AUTORELEASING = YES;
				CLANG_WARN_BOOL_CONVERSION = YES;
				CLANG_WARN_COMMA = YES;
				CLANG_WARN_CONSTANT_CONVERSION = YES;
				CLANG_WARN_DEPRECATED_OBJC_IMPLEMENTATIONS = YES;
				CLANG_WARN_DIRECT_OBJC_ISA_USAGE = YES_ERROR;
				CLANG_WARN_DOCUMENTATION_COMMENTS = YES;
				CLANG_WARN_EMPTY_BODY = YES;
				CLANG_WARN_ENUM_CONVERSION = YES;
				CLANG_WARN_INFINITE_RECURSION = YES;
				CLANG_WARN_INT_CONVERSION = YES;
				CLANG_WARN_NON_LITERAL_NULL_CONVERSION = YES;
				CLANG_WARN_OBJC_IMPLICIT_RETAIN_SELF = YES;
				CLANG_WARN_OBJC_LITERAL_CONVERSION = YES;
				CLANG_WARN_OBJC_ROOT_CLASS = YES_ERROR;
				CLANG_WARN_QUOTED_INCLUDE_IN_FRAMEWORK_HEADER = YES;
				CLANG_WARN_RANGE_LOOP_ANALYSIS = YES;
				CLANG_WARN_STRICT_PROTOTYPES = YES;
				CLANG_WARN_SUSPICIOUS_MOVE = YES;
				CLANG_WARN_UNGUARDED_AVAILABILITY = YES_AGGRESSIVE;
				CLANG_WARN_UNREACHABLE_CODE = YES;
				CLANG_WARN__DUPLICATE_METHOD_MATCH = YES;
				COPY_PHASE_STRIP = NO;
				DEBUG_INFORMATION_FORMAT = "dwarf-with-dsym";
				DEVELOPMENT_TEAM = YOUR_TEAM_ID;
				ENABLE_NS_ASSERTIONS = NO;
				ENABLE_STRICT_OBJC_MSGSEND = YES;
				ENABLE_USER_SCRIPT_SANDBOXING = YES;
				GCC_C_LANGUAGE_STANDARD = gnu17;
				GCC_NO_COMMON_BLOCKS = YES;
				GCC_WARN_64_TO_32_BIT_CONVERSION = YES;
				GCC_WARN_ABOUT_RETURN_TYPE = YES_ERROR;
				GCC_WARN_UNDECLARED_SELECTOR = YES;
				GCC_WARN_UNINITIALIZED_AUTOS = YES_AGGRESSIVE;
				GCC_WARN_UNUSED_FUNCTION = YES;
				GCC_WARN_UNUSED_VARIABLE = YES;
				LOCALIZATION_PREFERS_STRING_CATALOGS = YES;
				MACOSX_DEPLOYMENT_TARGET = 26.5;
				MTL_ENABLE_DEBUG_INFO = NO;
				MTL_FAST_MATH = YES;
				SDKROOT = macosx;
				SWIFT_COMPILATION_MODE = wholemodule;
			};
			name = Release;
		};
		C6ACFA2A3024BB770087A854 /* Debug */ = {
			isa = XCBuildConfiguration;
			buildSettings = {
				ASSETCATALOG_COMPILER_APPICON_NAME = AppIcon;
				ASSETCATALOG_COMPILER_GLOBAL_ACCENT_COLOR_NAME = AccentColor;
				CODE_SIGN_STYLE = Automatic;
				COMBINE_HIDPI_IMAGES = YES;
				CURRENT_PROJECT_VERSION = 1;
				DEVELOPMENT_TEAM = YOUR_TEAM_ID;
				ENABLE_APP_SANDBOX = YES;
				ENABLE_HARDENED_RUNTIME = YES;
				ENABLE_OUTGOING_NETWORK_CONNECTIONS = YES;
				ENABLE_PREVIEWS = YES;
				ENABLE_USER_SELECTED_FILES = readwrite;
				GENERATE_INFOPLIST_FILE = YES;
				INFOPLIST_KEY_NSHumanReadableCopyright = "";
				LD_RUNPATH_SEARCH_PATHS = (
					"$(inherited)",
					"@executable_path/../Frameworks",
				);
				MARKETING_VERSION = 1.0;
				PRODUCT_BUNDLE_IDENTIFIER = com.example.GoogleChatSwiftUI;
				PRODUCT_NAME = "$(TARGET_NAME)";
				REGISTER_APP_GROUPS = YES;
				STRING_CATALOG_GENERATE_SYMBOLS = YES;
				SWIFT_APPROACHABLE_CONCURRENCY = YES;
				SWIFT_DEFAULT_ACTOR_ISOLATION = MainActor;
				SWIFT_EMIT_LOC_STRINGS = YES;
				SWIFT_UPCOMING_FEATURE_MEMBER_IMPORT_VISIBILITY = YES;
				SWIFT_VERSION = 6.0;
			};
			name = Debug;
		};
		C6ACFA2B3024BB770087A854 /* Release */ = {
			isa = XCBuildConfiguration;
			buildSettings = {
				ASSETCATALOG_COMPILER_APPICON_NAME = AppIcon;
				ASSETCATALOG_COMPILER_GLOBAL_ACCENT_COLOR_NAME = AccentColor;
				CODE_SIGN_STYLE = Automatic;
				COMBINE_HIDPI_IMAGES = YES;
				CURRENT_PROJECT_VERSION = 1;
				DEVELOPMENT_TEAM = YOUR_TEAM_ID;
				ENABLE_APP_SANDBOX = YES;
				ENABLE_HARDENED_RUNTIME = YES;
				ENABLE_OUTGOING_NETWORK_CONNECTIONS = YES;
				ENABLE_PREVIEWS = YES;
				ENABLE_USER_SELECTED_FILES = readwrite;
				GENERATE_INFOPLIST_FILE = YES;
				INFOPLIST_KEY_NSHumanReadableCopyright = "";
				LD_RUNPATH_SEARCH_PATHS = (
					"$(inherited)",
					"@executable_path/../Frameworks",
				);
				MARKETING_VERSION = 1.0;
				PRODUCT_BUNDLE_IDENTIFIER = com.example.GoogleChatSwiftUI;
				PRODUCT_NAME = "$(TARGET_NAME)";
				REGISTER_APP_GROUPS = YES;
				STRING_CATALOG_GENERATE_SYMBOLS = YES;
				SWIFT_APPROACHABLE_CONCURRENCY = YES;
				SWIFT_DEFAULT_ACTOR_ISOLATION = MainActor;
				SWIFT_EMIT_LOC_STRINGS = YES;
				SWIFT_UPCOMING_FEATURE_MEMBER_IMPORT_VISIBILITY = YES;
				SWIFT_VERSION = 6.0;
			};
			name = Release;
		};
		C6ACFA2D3024BB770087A854 /* Debug */ = {
			isa = XCBuildConfiguration;
			buildSettings = {
				BUNDLE_LOADER = "$(TEST_HOST)";
				CODE_SIGN_STYLE = Automatic;
				CURRENT_PROJECT_VERSION = 1;
				DEVELOPMENT_TEAM = YOUR_TEAM_ID;
				GENERATE_INFOPLIST_FILE = YES;
				MACOSX_DEPLOYMENT_TARGET = 26.5;
				MARKETING_VERSION = 1.0;
				PRODUCT_BUNDLE_IDENTIFIER = com.example.GoogleChatSwiftUITests;
				PRODUCT_NAME = "$(TARGET_NAME)";
				STRING_CATALOG_GENERATE_SYMBOLS = NO;
				SWIFT_APPROACHABLE_CONCURRENCY = YES;
				SWIFT_EMIT_LOC_STRINGS = NO;
				SWIFT_UPCOMING_FEATURE_MEMBER_IMPORT_VISIBILITY = YES;
				SWIFT_VERSION = 6.0;
				TEST_HOST = "$(BUILT_PRODUCTS_DIR)/GoogleChatSwiftUI.app/$(BUNDLE_EXECUTABLE_FOLDER_PATH)/GoogleChatSwiftUI";
			};
			name = Debug;
		};
		C6ACFA2E3024BB770087A854 /* Release */ = {
			isa = XCBuildConfiguration;
			buildSettings = {
				BUNDLE_LOADER = "$(TEST_HOST)";
				CODE_SIGN_STYLE = Automatic;
				CURRENT_PROJECT_VERSION = 1;
				DEVELOPMENT_TEAM = YOUR_TEAM_ID;
				GENERATE_INFOPLIST_FILE = YES;
				MACOSX_DEPLOYMENT_TARGET = 26.5;
				MARKETING_VERSION = 1.0;
				PRODUCT_BUNDLE_IDENTIFIER = com.example.GoogleChatSwiftUITests;
				PRODUCT_NAME = "$(TARGET_NAME)";
				STRING_CATALOG_GENERATE_SYMBOLS = NO;
				SWIFT_APPROACHABLE_CONCURRENCY = YES;
				SWIFT_EMIT_LOC_STRINGS = NO;
				SWIFT_UPCOMING_FEATURE_MEMBER_IMPORT_VISIBILITY = YES;
				SWIFT_VERSION = 6.0;
				TEST_HOST = "$(BUILT_PRODUCTS_DIR)/GoogleChatSwiftUI.app/$(BUNDLE_EXECUTABLE_FOLDER_PATH)/GoogleChatSwiftUI";
			};
			name = Release;
		};
		C6ACFA303024BB770087A854 /* Debug */ = {
			isa = XCBuildConfiguration;
			buildSettings = {
				CODE_SIGN_STYLE = Automatic;
				CURRENT_PROJECT_VERSION = 1;
				DEVELOPMENT_TEAM = YOUR_TEAM_ID;
				GENERATE_INFOPLIST_FILE = YES;
				MARKETING_VERSION = 1.0;
				PRODUCT_BUNDLE_IDENTIFIER = com.example.GoogleChatSwiftUIUITests;
				PRODUCT_NAME = "$(TARGET_NAME)";
				STRING_CATALOG_GENERATE_SYMBOLS = NO;
				SWIFT_APPROACHABLE_CONCURRENCY = YES;
				SWIFT_EMIT_LOC_STRINGS = NO;
				SWIFT_UPCOMING_FEATURE_MEMBER_IMPORT_VISIBILITY = YES;
				SWIFT_VERSION = 6.0;
				TEST_TARGET_NAME = GoogleChatSwiftUI;
			};
			name = Debug;
		};
		C6ACFA313024BB770087A854 /* Release */ = {
			isa = XCBuildConfiguration;
			buildSettings = {
				CODE_SIGN_STYLE = Automatic;
				CURRENT_PROJECT_VERSION = 1;
				DEVELOPMENT_TEAM = YOUR_TEAM_ID;
				GENERATE_INFOPLIST_FILE = YES;
				MARKETING_VERSION = 1.0;
				PRODUCT_BUNDLE_IDENTIFIER = com.example.GoogleChatSwiftUIUITests;
				PRODUCT_NAME = "$(TARGET_NAME)";
				STRING_CATALOG_GENERATE_SYMBOLS = NO;
				SWIFT_APPROACHABLE_CONCURRENCY = YES;
				SWIFT_EMIT_LOC_STRINGS = NO;
				SWIFT_UPCOMING_FEATURE_MEMBER_IMPORT_VISIBILITY = YES;
				SWIFT_VERSION = 6.0;
				TEST_TARGET_NAME = GoogleChatSwiftUI;
			};
			name = Release;
		};
/* End XCBuildConfiguration section */

/* Begin XCConfigurationList section */
		C6ACFA013024BB750087A854 /* Build configuration list for PBXProject "GoogleChatSwiftUI" */ = {
			isa = XCConfigurationList;
			buildConfigurations = (
				C6ACFA273024BB770087A854 /* Debug */,
				C6ACFA283024BB770087A854 /* Release */,
			);
			defaultConfigurationIsVisible = 0;
			defaultConfigurationName = Release;
		};
		C6ACFA293024BB770087A854 /* Build configuration list for PBXNativeTarget "GoogleChatSwiftUI" */ = {
			isa = XCConfigurationList;
			buildConfigurations = (
				C6ACFA2A3024BB770087A854 /* Debug */,
				C6ACFA2B3024BB770087A854 /* Release */,
			);
			defaultConfigurationIsVisible = 0;
			defaultConfigurationName = Release;
		};
		C6ACFA2C3024BB770087A854 /* Build configuration list for PBXNativeTarget "GoogleChatSwiftUITests" */ = {
			isa = XCConfigurationList;
			buildConfigurations = (
				C6ACFA2D3024BB770087A854 /* Debug */,
				C6ACFA2E3024BB770087A854 /* Release */,
			);
			defaultConfigurationIsVisible = 0;
			defaultConfigurationName = Release;
		};
		C6ACFA2F3024BB770087A854 /* Build configuration list for PBXNativeTarget "GoogleChatSwiftUIUITests" */ = {
			isa = XCConfigurationList;
			buildConfigurations = (
				C6ACFA303024BB770087A854 /* Debug */,
				C6ACFA313024BB770087A854 /* Release */,
			);
			defaultConfigurationIsVisible = 0;
			defaultConfigurationName = Release;
		};
/* End XCConfigurationList section */
	};
	rootObject = C6ACF9FE3024BB750087A854 /* Project object */;
}
